Microsoft Visual Studio Solution File, Format Version 12.00
# Visual Studio Version 17
VisualStudioVersion = 17.5.2.0
MinimumVisualStudioVersion = 10.0.40219.1
Project("{FAE04EC0-301F-11D3-BF4B-00C04F79EFBC}") = "PhantasmaVanityAddressTool", "PhantasmaVanityAddressTool.csproj", "{AAA523BC-9993-19C4-4AE8-9AF69CBCD0A4}"
EndProject
Global
	GlobalSection(SolutionConfigurationPlatforms) = preSolution
		Debug|Any CPU = Debug|Any CPU
		Release|Any CPU = Release|Any CPU
	EndGlobalSection
	GlobalSection(ProjectConfigurationPlatforms) = postSolution
		{AAA523BC-9993-19C4-4AE8-9AF69CBCD0A4}.Debug|Any CPU.ActiveCfg = Debug|Any CPU
		{AAA523BC-9993-19C4-4AE8-9AF69CBCD0A4}.Debug|Any CPU.Build.0 = Debug|Any CPU
		{AAA523BC-9993-19C4-4AE8-9AF69CBCD0A4}.Release|Any CPU.ActiveCfg = Release|Any CPU
		{AAA523BC-9993-19C4-4AE8-9AF69CBCD0A4}.Release|Any CPU.Build.0 = Release|Any CPU
	EndGlobalSection
	GlobalSection(SolutionProperties) = preSolution
		HideSolutionNode = FALSE
	EndGlobalSection
	GlobalSection(ExtensibilityGlobals) = postSolution
		SolutionGuid = {473E7FF8-7737-49BF-9D52-2E99AFABB4D8}
	EndGlobalSection
EndGlobal
